
Microsoft Visual Studio Solution File, Format Version 12.00
# Visual Studio Version 17
VisualStudioVersion = 17.6.33723.286
MinimumVisualStudioVersion = 10.0.40219.1
Project("{FAE04EC0-301F-11D3-BF4B-00C04F79EFBC}") = "Joker2", "Joker2.csproj", "{9FEC7EA4-F467-4C0F-8D19-BA93A01152BF}"
EndProject
Global
	GlobalSection(SolutionConfigurationPlatforms) = preSolution
		Debug|Any CPU = Debug|Any CPU
		Release|Any CPU = Release|Any CPU
	EndGlobalSection
	GlobalSection(ProjectConfigurationPlatforms) = postSolution
		{9FEC7EA4-F467-4C0F-8D19-BA93A01152BF}.Debug|Any CPU.ActiveCfg = Debug|Any CPU
		{9FEC7EA4-F467-4C0F-8D19-BA93A01152BF}.Debug|Any CPU.Build.0 = Debug|Any CPU
		{9FEC7EA4-F467-4C0F-8D19-BA93A01152BF}.Release|Any CPU.ActiveCfg = Release|Any CPU
		{9FEC7EA4-F467-4C0F-8D19-BA93A01152BF}.Release|Any CPU.Build.0 = Release|Any CPU
	EndGlobalSection
	GlobalSection(SolutionProperties) = preSolution
		HideSolutionNode = FALSE
	EndGlobalSection
	GlobalSection(ExtensibilityGlobals) = postSolution
		SolutionGuid = {C67E4E99-ECA3-4A5C-B121-E993FB2C055B}
	EndGlobalSection
EndGlobal
